<?xml version="1.0" encoding="utf-8"?>
<Project ToolsVersion="4.0" xmlns="http://schemas.microsoft.com/developer/msbuild/2003">
  <ItemGroup>
    <Filter Include="资源文件">
      <UniqueIdentifier>{67DA6AB6-F800-4c08-8B7A-83BB121AAD01}</UniqueIdentifier>
      <Extensions>rc;ico;cur;bmp;dlg;rc2;rct;bin;rgs;gif;jpg;jpeg;jpe;resx;tiff;tif;png;wav;mfcribbon-ms</Extensions>
    </Filter>
    <Filter Include="图的数据结构">
      <UniqueIdentifier>{df878f98-3770-4fb7-ace7-3fc360d888fa}</UniqueIdentifier>
    </Filter>
    <Filter Include="图的数据结构\头文件">
      <UniqueIdentifier>{93995380-89BD-4b04-88EB-625FBE52EBFB}</UniqueIdentifier>
      <Extensions>h;hh;hpp;hxx;h++;hm;inl;inc;ipp;xsd</Extensions>
    </Filter>
    <Filter Include="图的数据结构\源文件">
      <UniqueIdentifier>{4FC737F1-C7A5-4376-A066-2A32D752A2FF}</UniqueIdentifier>
      <Extensions>cpp;c;cc;cxx;c++;cppm;ixx;def;odl;idl;hpj;bat;asm;asmx</Extensions>
    </Filter>
    <Filter Include="迪杰斯特拉dijkstra">
      <UniqueIdentifier>{96c95ed7-6fae-4058-bedf-87492c2be1f7}</UniqueIdentifier>
    </Filter>
    <Filter Include="迪杰斯特拉dijkstra\源文件">
      <UniqueIdentifier>{f6420d38-c46a-4320-8208-96e1b1ccfd12}</UniqueIdentifier>
    </Filter>
    <Filter Include="迪杰斯特拉dijkstra\头文件">
      <UniqueIdentifier>{007d7fa4-c60e-45a9-819e-ded40ea5f5d4}</UniqueIdentifier>
    </Filter>
  </ItemGroup>
  <ItemGroup>
    <ClCompile Include="main.c">
      <Filter>图的数据结构\源文件</Filter>
    </ClCompile>
    <ClCompile Include="MGraph.c">
      <Filter>图的数据结构\源文件</Filter>
    </ClCompile>
    <ClCompile Include="DirectedEdge.c">
      <Filter>图的数据结构\源文件</Filter>
    </ClCompile>
    <ClCompile Include="UnDirectedEdge.c">
      <Filter>图的数据结构\源文件</Filter>
    </ClCompile>
    <ClCompile Include="dijkstra.c">
      <Filter>迪杰斯特拉dijkstra\源文件</Filter>
    </ClCompile>
  </ItemGroup>
  <ItemGroup>
    <ClInclude Include="MGraph.h">
      <Filter>图的数据结构\头文件</Filter>
    </ClInclude>
    <ClInclude Include="DirectedEdge.h">
      <Filter>图的数据结构\头文件</Filter>
    </ClInclude>
    <ClInclude Include="UnDirectedEdge.h">
      <Filter>图的数据结构\头文件</Filter>
    </ClInclude>
    <ClInclude Include="dijkstra.h">
      <Filter>迪杰斯特拉dijkstra\头文件</Filter>
    </ClInclude>
  </ItemGroup>
</Project>